// !$*UTF8*$!
{
	archiveVersion = 1;
	classes = {
	};
	objectVersion = 50;
	objects = {

/* Begin PBXBuildFile section */
		E277AEF923CB3265006CEEB1 /* AppDelegate.swift in Sources */ = {isa = PBXBuildFile; fileRef = E277AEF823CB3265006CEEB1 /* AppDelegate.swift */; };
		E277AEFB23CB3265006CEEB1 /* SceneDelegate.swift in Sources */ = {isa = PBXBuildFile; fileRef = E277AEFA23CB3265006CEEB1 /* SceneDelegate.swift */; };
		E277AEFE23CB3265006CEEB1 /* InstaFilter.xcdatamodeld in Sources */ = {isa = PBXBuildFile; fileRef = E277AEFC23CB3265006CEEB1 /* InstaFilter.xcdatamodeld */; };
		E277AF0023CB3265006CEEB1 /* ContentView.swift in Sources */ = {isa = PBXBuildFile; fileRef = E277AEFF23CB3265006CEEB1 /* ContentView.swift */; };
		E277AF0223CB3266006CEEB1 /* Assets.xcassets in Resources */ = {isa = PBXBuildFile; fileRef = E277AF0123CB3266006CEEB1 /* Assets.xcassets */; };
		E277AF0523CB3266006CEEB1 /* Preview Assets.xcassets in Resources */ = {isa = PBXBuildFile; fileRef = E277AF0423CB3266006CEEB1 /* Preview Assets.xcassets */; };
		E277AF0823CB3266006CEEB1 /* LaunchScreen.storyboard in Resources */ = {isa = PBXBuildFile; fileRef = E277AF0623CB3266006CEEB1 /* LaunchScreen.storyboard */; };
		E277AF1023CB6B89006CEEB1 /* ImagePicker.swift in Sources */ = {isa = PBXBuildFile; fileRef = E277AF0F23CB6B89006CEEB1 /* ImagePicker.swift */; };
/* End PBXBuildFile section */

/* Begin PBXFileReference section */
		E277AEF523CB3265006CEEB1 /* InstaFilter.app */ = {isa = PBXFileReference; explicitFileType = wrapper.application; includeInIndex = 0; path = InstaFilter.app; sourceTree = BUILT_PRODUCTS_DIR; };
		E277AEF823CB3265006CEEB1 /* AppDelegate.swift */ = {isa = PBXFileReference; lastKnownFileType = sourcecode.swift; path = AppDelegate.swift; sourceTree = "<group>"; };
		E277AEFA23CB3265006CEEB1 /* SceneDelegate.swift */ = {isa = PBXFileReference; lastKnownFileType = sourcecode.swift; path = SceneDelegate.swift; sourceTree = "<group>"; };
		E277AEFD23CB3265006CEEB1 /* InstaFilter.xcdatamodel */ = {isa = PBXFileReference; lastKnownFileType = wrapper.xcdatamodel; path = InstaFilter.xcdatamodel; sourceTree = "<group>"; };
		E277AEFF23CB3265006CEEB1 /* ContentView.swift */ = {isa = PBXFileReference; lastKnownFileType = sourcecode.swift; path = ContentView.swift; sourceTree = "<group>"; };
		E277AF0123CB3266006CEEB1 /* Assets.xcassets */ = {isa = PBXFileReference; lastKnownFileType = folder.assetcatalog; path = Assets.xcassets; sourceTree = "<group>"; };
		E277AF0423CB3266006CEEB1 /* Preview Assets.xcassets */ = {isa = PBXFileReference; lastKnownFileType = folder.assetcatalog; path = "Preview Assets.xcassets"; sourceTree = "<group>"; };
		E277AF0723CB3266006CEEB1 /* Base */ = {isa = PBXFileReference; lastKnownFileType = file.storyboard; name = Base; path = Base.lproj/LaunchScreen.storyboard; sourceTree = "<group>"; };
		E277AF0923CB3266006CEEB1 /* Info.plist */ = {isa = PBXFileReference; lastKnownFileType = text.plist.xml; path = Info.plist; sourceTree = "<group>"; };
		E277AF0F23CB6B89006CEEB1 /* ImagePicker.swift */ = {isa = PBXFileReference; lastKnownFileType = sourcecode.swift; path = ImagePicker.swift; sourceTree = "<group>"; };
/* End PBXFileReference section */

/* Begin PBXFrameworksBuildPhase section */
		E277AEF223CB3265006CEEB1 /* Frameworks */ = {
			isa = PBXFrameworksBuildPhase;
			buildActionMask = 2147483647;
			files = (
			);
			runOnlyForDeploymentPostprocessing = 0;
		};
/* End PBXFrameworksBuildPhase section */

/* Begin PBXGroup section */
		E277AEEC23CB3265006CEEB1 = {
			isa = PBXGroup;
			children = (
				E277AEF723CB3265006CEEB1 /* InstaFilter */,
				E277AEF623CB3265006CEEB1 /* Products */,
			);
			sourceTree = "<group>";
		};
		E277AEF623CB3265006CEEB1 /* Products */ = {
			isa = PBXGroup;
			children = (
				E277AEF523CB3265006CEEB1 /* InstaFilter.app */,
			);
			name = Products;
			sourceTree = "<group>";
		};
		E277AEF723CB3265006CEEB1 /* InstaFilter */ = {
			isa = PBXGroup;
			children = (
				E277AEF823CB3265006CEEB1 /* AppDelegate.swift */,
				E277AEFA23CB3265006CEEB1 /* SceneDelegate.swift */,
				E277AEFF23CB3265006CEEB1 /* ContentView.swift */,
				E277AF0123CB3266006CEEB1 /* Assets.xcassets */,
				E277AF0623CB3266006CEEB1 /* LaunchScreen.storyboard */,
				E277AF0923CB3266006CEEB1 /* Info.plist */,
				E277AEFC23CB3265006CEEB1 /* InstaFilter.xcdatamodeld */,
				E277AF0323CB3266006CEEB1 /* Preview Content */,
				E277AF0F23CB6B89006CEEB1 /* ImagePicker.swift */,
			);
			path = InstaFilter;
			sourceTree = "<group>";
		};
		E277AF0323CB3266006CEEB1 /* Preview Content */ = {
			isa = PBXGroup;
			children = (
				E277AF0423CB3266006CEEB1 /* Preview Assets.xcassets */,
			);
			path = "Preview Content";
			sourceTree = "<group>";
		};
/* End PBXGroup section */

/* Begin PBXNativeTarget section */
		E277AEF423CB3265006CEEB1 /* InstaFilter */ = {
			isa = PBXNativeTarget;
			buildConfigurationList = E277AF0C23CB3266006CEEB1 /* Build configuration list for PBXNativeTarget "InstaFilter" */;
			buildPhases = (
				E277AEF123CB3265006CEEB1 /* Sources */,
				E277AEF223CB3265006CEEB1 /* Frameworks */,
				E277AEF323CB3265006CEEB1 /* Resources */,
			);
			buildRules = (
			);
			dependencies = (
			);
			name = InstaFilter;
			productName = InstaFilter;
			productReference = E277AEF523CB3265006CEEB1 /* InstaFilter.app */;
			productType = "com.apple.product-type.application";
		};
/* End PBXNativeTarget section */

/* Begin PBXProject section */
		E277AEED23CB3265006CEEB1 /* Project object */ = {
			isa = PBXProject;
			attributes = {
				LastSwiftUpdateCheck = 1130;
				LastUpgradeCheck = 1130;
				ORGANIZATIONNAME = "Jules Lee";
				TargetAttributes = {
					E277AEF423CB3265006CEEB1 = {
						CreatedOnToolsVersion = 11.3;
					};
				};
			};
			buildConfigurationList = E277AEF023CB3265006CEEB1 /* Build configuration list for PBXProject "InstaFilter" */;
			compatibilityVersion = "Xcode 9.3";
			developmentRegion = en;
			hasScannedForEncodings = 0;
			knownRegions = (
				en,
				Base,
			);
			mainGroup = E277AEEC23CB3265006CEEB1;
			productRefGroup = E277AEF623CB3265006CEEB1 /* Products */;
			projectDirPath = "";
			projectRoot = "";
			targets = (
				E277AEF423CB3265006CEEB1 /* InstaFilter */,
			);
		};
/* End PBXProject section */

/* Begin PBXResourcesBuildPhase section */
		E277AEF323CB3265006CEEB1 /* Resources */ = {
			isa = PBXResourcesBuildPhase;
			buildActionMask = 2147483647;
			files = (
				E277AF0823CB3266006CEEB1 /* LaunchScreen.storyboard in Resources */,
				E277AF0523CB3266006CEEB1 /* Preview Assets.xcassets in Resources */,
				E277AF0223CB3266006CEEB1 /* Assets.xcassets in Resources */,
			);
			runOnlyForDeploymentPostprocessing = 0;
		};
/* End PBXResourcesBuildPhase section */

/* Begin PBXSourcesBuildPhase section */
		E277AEF123CB3265006CEEB1 /* Sources */ = {
			isa = PBXSourcesBuildPhase;
			buildActionMask = 2147483647;
			files = (
				E277AEF923CB3265006CEEB1 /* AppDelegate.swift in Sources */,
				E277AEFE23CB3265006CEEB1 /* InstaFilter.xcdatamodeld in Sources */,
				E277AF1023CB6B89006CEEB1 /* ImagePicker.swift in Sources */,
				E277AF0023CB3265006CEEB1 /* ContentView.swift in Sources */,
				E277AEFB23CB3265006CEEB1 /* SceneDelegate.swift in Sources */,
			);
			runOnlyForDeploymentPostprocessing = 0;
		};
/* End PBXSourcesBuildPhase section */

/* Begin PBXVariantGroup section */
		E277AF0623CB3266006CEEB1 /* LaunchScreen.storyboard */ = {
			isa = PBXVariantGroup;
			children = (
				E277AF0723CB3266006CEEB1 /* Base */,
			);
			name = LaunchScreen.storyboard;
			sourceTree = "<group>";
		};
/* End PBXVariantGroup section */

/* Begin XCBuildConfiguration section */
		E277AF0A23CB3266006CEEB1 /* Debug */ = {
			isa = XCBuildConfiguration;
			buildSettings = {
				ALWAYS_SEARCH_USER_PATHS = NO;
				CLANG_ANALYZER_NONNULL = YES;
				CLANG_ANALYZER_NUMBER_OBJECT_CONVERSION = YES_AGGRESSIVE;
				CLANG_CXX_LANGUAGE_STANDARD = "gnu++14";
				CLANG_CXX_LIBRARY = "libc++";
				CLANG_ENABLE_MODULES = YES;
				CLANG_ENABLE_OBJC_ARC = YES;
				CLANG_ENABLE_OBJC_WEAK = YES;
				CLANG_WARN_BLOCK_CAPTURE_AUTORELEASING = YES;
				CLANG_WARN_BOOL_CONVERSION = YES;
				CLANG_WARN_COMMA = YES;
				CLANG_WARN_CONSTANT_CONVERSION = YES;
				CLANG_WARN_DEPRECATED_OBJC_IMPLEMENTATIONS = YES;
				CLANG_WARN_DIRECT_OBJC_ISA_USAGE = YES_ERROR;
				CLANG_WARN_DOCUMENTATION_COMMENTS = YES;
				CLANG_WARN_EMPTY_BODY = YES;
				CLANG_WARN_ENUM_CONVERSION = YES;
				CLANG_WARN_INFINITE_RECURSION = YES;
				CLANG_WARN_INT_CONVERSION = YES;
				CLANG_WARN_NON_LITERAL_NULL_CONVERSION = YES;
				CLANG_WARN_OBJC_IMPLICIT_RETAIN_SELF = YES;
				CLANG_WARN_OBJC_LITERAL_CONVERSION = YES;
				CLANG_WARN_OBJC_ROOT_CLASS = YES_ERROR;
				CLANG_WARN_RANGE_LOOP_ANALYSIS = YES;
				CLANG_WARN_STRICT_PROTOTYPES = YES;
				CLANG_WARN_SUSPICIOUS_MOVE = YES;
				CLANG_WARN_UNGUARDED_AVAILABILITY = YES_AGGRESSIVE;
				CLANG_WARN_UNREACHABLE_CODE = YES;
				CLANG_WARN__DUPLICATE_METHOD_MATCH = YES;
				COPY_PHASE_STRIP = NO;
				DEBUG_INFORMATION_FORMAT = dwarf;
				ENABLE_STRICT_OBJC_MSGSEND = YES;
				ENABLE_TESTABILITY = YES;
				GCC_C_LANGUAGE_STANDARD = gnu11;
				GCC_DYNAMIC_NO_PIC = NO;
				GCC_NO_COMMON_BLOCKS = YES;
				GCC_OPTIMIZATION_LEVEL = 0;
				GCC_PREPROCESSOR_DEFINITIONS = (
					"DEBUG=1",
					"$(inherited)",
				);
				GCC_WARN_64_TO_32_BIT_CONVERSION = YES;
				GCC_WARN_ABOUT_RETURN_TYPE = YES_ERROR;
				GCC_WARN_UNDECLARED_SELECTOR = YES;
				GCC_WARN_UNINITIALIZED_AUTOS = YES_AGGRESSIVE;
				GCC_WARN_UNUSED_FUNCTION = YES;
				GCC_WARN_UNUSED_VARIABLE = YES;
				IPHONEOS_DEPLOYMENT_TARGET = 13.2;
				MTL_ENABLE_DEBUG_INFO = INCLUDE_SOURCE;
				MTL_FAST_MATH = YES;
				ONLY_ACTIVE_ARCH = YES;
				SDKROOT = iphoneos;
				SWIFT_ACTIVE_COMPILATION_CONDITIONS = DEBUG;
				SWIFT_OPTIMIZATION_LEVEL = "-Onone";
			};
			name = Debug;
		};
		E277AF0B23CB3266006CEEB1 /* Release */ = {
			isa = XCBuildConfiguration;
			buildSettings = {
				ALWAYS_SEARCH_USER_PATHS = NO;
				CLANG_ANALYZER_NONNULL = YES;
				CLANG_ANALYZER_NUMBER_OBJECT_CONVERSION = YES_AGGRESSIVE;
				CLANG_CXX_LANGUAGE_STANDARD = "gnu++14";
				CLANG_CXX_LIBRARY = "libc++";
				CLANG_ENABLE_MODULES = YES;
				CLANG_ENABLE_OBJC_ARC = YES;
				CLANG_ENABLE_OBJC_WEAK = YES;
				CLANG_WARN_BLOCK_CAPTURE_AUTORELEASING = YES;
				CLANG_WARN_BOOL_CONVERSION = YES;
				CLANG_WARN_COMMA = YES;
				CLANG_WARN_CONSTANT_CONVERSION = YES;
				CLANG_WARN_DEPRECATED_OBJC_IMPLEMENTATIONS = YES;
				CLANG_WARN_DIRECT_OBJC_ISA_USAGE = YES_ERROR;
				CLANG_WARN_DOCUMENTATION_COMMENTS = YES;
				CLANG_WARN_EMPTY_BODY = YES;
				CLANG_WARN_ENUM_CONVERSION = YES;
				CLANG_WARN_INFINITE_RECURSION = YES;
				CLANG_WARN_INT_CONVERSION = YES;
				CLANG_WARN_NON_LITERAL_NULL_CONVERSION = YES;
				CLANG_WARN_OBJC_IMPLICIT_RETAIN_SELF = YES;
				CLANG_WARN_OBJC_LITERAL_CONVERSION = YES;
				CLANG_WARN_OBJC_ROOT_CLASS = YES_ERROR;
				CLANG_WARN_RANGE_LOOP_ANALYSIS = YES;
				CLANG_WARN_STRICT_PROTOTYPES = YES;
				CLANG_WARN_SUSPICIOUS_MOVE = YES;
				CLANG_WARN_UNGUARDED_AVAILABILITY = YES_AGGRESSIVE;
				CLANG_WARN_UNREACHABLE_CODE = YES;
				CLANG_WARN__DUPLICATE_METHOD_MATCH = YES;
				COPY_PHASE_STRIP = NO;
				DEBUG_INFORMATION_FORMAT = "dwarf-with-dsym";
				ENABLE_NS_ASSERTIONS = NO;
				ENABLE_STRICT_OBJC_MSGSEND = YES;
				GCC_C_LANGUAGE_STANDARD = gnu11;
				GCC_NO_COMMON_BLOCKS = YES;
				GCC_WARN_64_TO_32_BIT_CONVERSION = YES;
				GCC_WARN_ABOUT_RETURN_TYPE = YES_ERROR;
				GCC_WARN_UNDECLARED_SELECTOR = YES;
				GCC_WARN_UNINITIALIZED_AUTOS = YES_AGGRESSIVE;
				GCC_WARN_UNUSED_FUNCTION = YES;
				GCC_WARN_UNUSED_VARIABLE = YES;
				IPHONEOS_DEPLOYMENT_TARGET = 13.2;
				MTL_ENABLE_DEBUG_INFO = NO;
				MTL_FAST_MATH = YES;
				SDKROOT = iphoneos;
				SWIFT_COMPILATION_MODE = wholemodule;
				SWIFT_OPTIMIZATION_LEVEL = "-O";
				VALIDATE_PRODUCT = YES;
			};
			name = Release;
		};
		E277AF0D23CB3266006CEEB1 /* Debug */ = {
			isa = XCBuildConfiguration;
			buildSettings = {
				ASSETCATALOG_COMPILER_APPICON_NAME = AppIcon;
				CODE_SIGN_STYLE = Automatic;
				DEVELOPMENT_ASSET_PATHS = "\"InstaFilter/Preview Content\"";
				DEVELOPMENT_TEAM = ZPFY37265E;
				ENABLE_PREVIEWS = YES;
				INFOPLIST_FILE = InstaFilter/Info.plist;
				LD_RUNPATH_SEARCH_PATHS = (
					"$(inherited)",
					"@executable_path/Frameworks",
				);
				PRODUCT_BUNDLE_IDENTIFIER = com.iosjunkie.InstaFilter;
				PRODUCT_NAME = "$(TARGET_NAME)";
				SWIFT_VERSION = 5.0;
				TARGETED_DEVICE_FAMILY = "1,2";
			};
			name = Debug;
		};
		E277AF0E23CB3266006CEEB1 /* Release */ = {
			isa = XCBuildConfiguration;
			buildSettings = {
				ASSETCATALOG_COMPILER_APPICON_NAME = AppIcon;
				CODE_SIGN_STYLE = Automatic;
				DEVELOPMENT_ASSET_PATHS = "\"InstaFilter/Preview Content\"";
				DEVELOPMENT_TEAM = ZPFY37265E;
				ENABLE_PREVIEWS = YES;
				INFOPLIST_FILE = InstaFilter/Info.plist;
				LD_RUNPATH_SEARCH_PATHS = (
					"$(inherited)",
					"@executable_path/Frameworks",
				);
				PRODUCT_BUNDLE_IDENTIFIER = com.iosjunkie.InstaFilter;
				PRODUCT_NAME = "$(TARGET_NAME)";
				SWIFT_VERSION = 5.0;
				TARGETED_DEVICE_FAMILY = "1,2";
			};
			name = Release;
		};
/* End XCBuildConfiguration section */

/* Begin XCConfigurationList section */
		E277AEF023CB3265006CEEB1 /* Build configuration list for PBXProject "InstaFilter" */ = {
			isa = XCConfigurationList;
			buildConfigurations = (
				E277AF0A23CB3266006CEEB1 /* Debug */,
				E277AF0B23CB3266006CEEB1 /* Release */,
			);
			defaultConfigurationIsVisible = 0;
			defaultConfigurationName = Release;
		};
		E277AF0C23CB3266006CEEB1 /* Build configuration list for PBXNativeTarget "InstaFilter" */ = {
			isa = XCConfigurationList;
			buildConfigurations = (
				E277AF0D23CB3266006CEEB1 /* Debug */,
				E277AF0E23CB3266006CEEB1 /* Release */,
			);
			defaultConfigurationIsVisible = 0;
			defaultConfigurationName = Release;
		};
/* End XCConfigurationList section */

/* Begin XCVersionGroup section */
		E277AEFC23CB3265006CEEB1 /* InstaFilter.xcdatamodeld */ = {
			isa = XCVersionGroup;
			children = (
				E277AEFD23CB3265006CEEB1 /* InstaFilter.xcdatamodel */,
			);
			currentVersion = E277AEFD23CB3265006CEEB1 /* InstaFilter.xcdatamodel */;
			path = InstaFilter.xcdatamodeld;
			sourceTree = "<group>";
			versionGroupType = wrapper.xcdatamodel;
		};
/* End XCVersionGroup section */
	};
	rootObject = E277AEED23CB3265006CEEB1 /* Project object */;
}
